# This file was autogenerated by Stack.
# You should not edit this file by hand.
# For more information, please see the documentation at:
#   https://docs.haskellstack.org/en/stable/lock_files

packages:
- completed:
    hackage: groundhog-0.11.0@sha256:ccc8b7ec204d3f93fb0113f8feaab5f0f16663003bb95162b6c318fc85a466e2,2500
    pantry-tree:
      size: 883
      sha256: 16c3f86c0c3fa8286ff2f311422bc5b3d30d76aebed9185e7ae2d7ad7adb2256
  original:
    hackage: groundhog-0.11.0@sha256:ccc8b7ec204d3f93fb0113f8feaab5f0f16663003bb95162b6c318fc85a466e2,2500
- completed:
    hackage: groundhog-sqlite-0.11.0@sha256:c64c2502f9317ae5c238bb105a8002543b354ab77140109b793924816eab0814,1338
    pantry-tree:
      size: 281
      sha256: ed45281f6bab57f6af50a7fb30e2faaa44a6b9bf99f09836f57bb59466b3a4e0
  original:
    hackage: groundhog-sqlite-0.11.0@sha256:c64c2502f9317ae5c238bb105a8002543b354ab77140109b793924816eab0814,1338
- completed:
    hackage: groundhog-th-0.11@sha256:f529867d89bd8f9d317d354abaa7b5639135069ead6896a007b2e1e9d76d03ac,1338
    pantry-tree:
      size: 422
      sha256: 213e1dd29276632a8cf99ba10f95d76153cef5a7b227d5b0952790dcaba1a7c9
  original:
    hackage: groundhog-th-0.11@sha256:f529867d89bd8f9d317d354abaa7b5639135069ead6896a007b2e1e9d76d03ac,1338
- completed:
    hackage: direct-sqlite-2.3.26@sha256:04e835402f1508abca383182023e4e2b9b86297b8533afbd4e57d1a5652e0c23,3718
    pantry-tree:
      size: 770
      sha256: 11874ab21e10c5b54cd1e02a037b677dc1e2ee9986f38c599612c56654dc01c3
  original:
    hackage: direct-sqlite-2.3.26@sha256:04e835402f1508abca383182023e4e2b9b86297b8533afbd4e57d1a5652e0c23,3718
snapshots:
- completed:
    size: 534126
    url: https://raw.githubusercontent.com/commercialhaskell/stackage-snapshots/master/lts/16/31.yaml
    sha256: 637fb77049b25560622a224845b7acfe81a09fdb6a96a3c75997a10b651667f6
  original: lts-16.31
