# This file was autogenerated by Stack.
# You should not edit this file by hand.
# For more information, please see the documentation at:
#   https://docs.haskellstack.org/en/stable/lock_files

packages: []
snapshots:
- completed:
    size: 562265
    url: https://raw.githubusercontent.com/commercialhaskell/stackage-snapshots/master/nightly/2021/1/11.yaml
    sha256: fbfadbcb74451699985d24e0f5bb56bac60b1fe05db553f09d94c724623fc826
  original: nightly-2021-01-11
